# THIS IS AN AUTOGENERATED FILE. DO NOT EDIT THIS FILE DIRECTLY.
# yarn lockfile v1


dotenv@^16.5.0:
  version "16.5.0"
  resolved "https://registry.yarnpkg.com/dotenv/-/dotenv-16.5.0.tgz#092b49f25f808f020050051d1ff258e404c78692"
  integrity sha512-m/C+AwOAr9/W1UOIZUo232ejMNnJAJtYQjUbHoNTBNTJSvqzzDh7vnrei3o3r3m9blf6ZoDkvcw0VmozNRFJxg==

zod@^3.25.67:
  version "3.25.67"
  resolved "https://registry.yarnpkg.com/zod/-/zod-3.25.67.tgz#62987e4078e2ab0f63b491ef0c4f33df24236da8"
  integrity sha512-idA2YXwpCdqUSKRCACDE6ItZD9TZzy3OZMtpfLoh6oPR47lipysRrJfjzMqFxQ3uJuUPyUeWe1r9vLH33xO/Qw==
